<Solution>
  <Folder Name="/src/">
    <Project Path="MaterialFlow.Application/MaterialFlow.Application.csproj" />
    <Project Path="MaterialFlow.Domain/MaterialFlow.Domain.csproj" />
    <Project Path="MaterialFlow.Infrastructure/MaterialFlow.Infrastructure.csproj" />
    <Project Path="MaterialFlow.Persistence/MaterialFlow.Persistence.csproj" />
  </Folder>
  <Folder Name="/test/" />
</Solution>
